PODS:
  - Alamofire (4.6.0)
  - ColorWithHex (3.0.1)
  - Kingfisher (4.6.1)
  - Realm (3.1.1):
    - Realm/Headers (= 3.1.1)
  - Realm/Headers (3.1.1)
  - RealmSwift (3.1.1):
    - Realm (= 3.1.1)
  - SwiftyGif (4.0.0)
  - SwiftyJSON (4.0.0)
  - SWRevealViewController (2.3.0)

DEPENDENCIES:
  - Alamofire
  - ColorWithHex
  - Kingfisher
  - RealmSwift
  - SwiftyGif
  - SwiftyJSON
  - SWRevealViewController (~> 2.3)

SPEC CHECKSUMS:
  Alamofire: f41a599bd63041760b26d393ec1069d9d7b917f4
  ColorWithHex: cdd9c504d8e6b71f5f39bbfab0d9143e6c65d841
  Kingfisher: 1f9157d9c02b380cbd0b7cc890161195164eb634
  Realm: 42d1c38a5b1bbcc828b48a7ce702cb86fc68adf4
  RealmSwift: d31937ca6a6ee54acde64ec839523c0a3c04924b
  SwiftyGif: 14c0e2dddb1b51da4919b68f7ad97a1c45785460
  SwiftyJSON: 070dabdcb1beb81b247c65ffa3a79dbbfb3b48aa
  SWRevealViewController: 6d3fd97f70112fd7cef9de14df4260eacce4c63a

PODFILE CHECKSUM: 68814868cd9dbcbf750718689bdece29bc2c81b5

COCOAPODS: 1.4.0.beta.2
